
Microsoft Visual Studio Solution File, Format Version 12.00
# Visual Studio Version 16
VisualStudioVersion = 16.0.30621.155
MinimumVisualStudioVersion = 10.0.40219.1
Project("{8BC9CEB8-8B4A-11D0-8D11-00A0C91BC942}") = "数据结构实习二", "数据结构实习二.vcxproj", "{DC84BE7E-918E-4CB9-AC36-5D4B6DCB28A2}"
EndProject
Global
	GlobalSection(SolutionConfigurationPlatforms) = preSolution
		Debug|x64 = Debug|x64
		Debug|x86 = Debug|x86
		Release|x64 = Release|x64
		Release|x86 = Release|x86
	EndGlobalSection
	GlobalSection(ProjectConfigurationPlatforms) = postSolution
		{DC84BE7E-918E-4CB9-AC36-5D4B6DCB28A2}.Debug|x64.ActiveCfg = Debug|x64
		{DC84BE7E-918E-4CB9-AC36-5D4B6DCB28A2}.Debug|x64.Build.0 = Debug|x64
		{DC84BE7E-918E-4CB9-AC36-5D4B6DCB28A2}.Debug|x86.ActiveCfg = Debug|Win32
		{DC84BE7E-918E-4CB9-AC36-5D4B6DCB28A2}.Debug|x86.Build.0 = Debug|Win32
		{DC84BE7E-918E-4CB9-AC36-5D4B6DCB28A2}.Release|x64.ActiveCfg = Release|x64
		{DC84BE7E-918E-4CB9-AC36-5D4B6DCB28A2}.Release|x64.Build.0 = Release|x64
		{DC84BE7E-918E-4CB9-AC36-5D4B6DCB28A2}.Release|x86.ActiveCfg = Release|Win32
		{DC84BE7E-918E-4CB9-AC36-5D4B6DCB28A2}.Release|x86.Build.0 = Release|Win32
	EndGlobalSection
	GlobalSection(SolutionProperties) = preSolution
		HideSolutionNode = FALSE
	EndGlobalSection
	GlobalSection(ExtensibilityGlobals) = postSolution
		SolutionGuid = {257DE0CD-11F2-4C20-8C03-8EE17FCA8D93}
	EndGlobalSection
EndGlobal
