
Microsoft Visual Studio Solution File, Format Version 12.00
# Visual Studio Version 16
VisualStudioVersion = 16.0.30621.155
MinimumVisualStudioVersion = 10.0.40219.1
Project("{8BC9CEB8-8B4A-11D0-8D11-00A0C91BC942}") = "数据结构大实习", "数据结构大实习.vcxproj", "{82438266-F91F-4061-883A-71B44502682C}"
EndProject
Global
	GlobalSection(SolutionConfigurationPlatforms) = preSolution
		Debug|x64 = Debug|x64
		Debug|x86 = Debug|x86
		Release|x64 = Release|x64
		Release|x86 = Release|x86
	EndGlobalSection
	GlobalSection(ProjectConfigurationPlatforms) = postSolution
		{82438266-F91F-4061-883A-71B44502682C}.Debug|x64.ActiveCfg = Debug|x64
		{82438266-F91F-4061-883A-71B44502682C}.Debug|x64.Build.0 = Debug|x64
		{82438266-F91F-4061-883A-71B44502682C}.Debug|x86.ActiveCfg = Debug|Win32
		{82438266-F91F-4061-883A-71B44502682C}.Debug|x86.Build.0 = Debug|Win32
		{82438266-F91F-4061-883A-71B44502682C}.Release|x64.ActiveCfg = Release|x64
		{82438266-F91F-4061-883A-71B44502682C}.Release|x64.Build.0 = Release|x64
		{82438266-F91F-4061-883A-71B44502682C}.Release|x86.ActiveCfg = Release|Win32
		{82438266-F91F-4061-883A-71B44502682C}.Release|x86.Build.0 = Release|Win32
	EndGlobalSection
	GlobalSection(SolutionProperties) = preSolution
		HideSolutionNode = FALSE
	EndGlobalSection
	GlobalSection(ExtensibilityGlobals) = postSolution
		SolutionGuid = {99F32E5D-BE70-4150-BEB0-3A46B889E673}
	EndGlobalSection
EndGlobal
